Microsoft Visual Studio Solution File, Format Version 11.00
# Visual Studio 2008

Project("{3A3DA2C8-D2C6-49A0-FB27-7EDF37C40400}") = "ShapesSource", "Assembly-CSharp.csproj", "{2E7ADE4E-E837-753E-849E-C9678DB96205}"
EndProject
Global
	GlobalSection(SolutionConfigurationPlatforms) = preSolution
		Debug|Any CPU = Debug|Any CPU
		Release|Any CPU = Release|Any CPU
	EndGlobalSection
	GlobalSection(ProjectConfigurationPlatforms) = postSolution
		{2E7ADE4E-E837-753E-849E-C9678DB96205}.Debug|Any CPU.ActiveCfg = Debug|Any CPU
		{2E7ADE4E-E837-753E-849E-C9678DB96205}.Debug|Any CPU.Build.0 = Debug|Any CPU
		{2E7ADE4E-E837-753E-849E-C9678DB96205}.Release|Any CPU.ActiveCfg = Release|Any CPU
		{2E7ADE4E-E837-753E-849E-C9678DB96205}.Release|Any CPU.Build.0 = Release|Any CPU
	EndGlobalSection
	GlobalSection(SolutionProperties) = preSolution
		HideSolutionNode = FALSE
	EndGlobalSection
	GlobalSection(MonoDevelopProperties) = preSolution
		StartupItem = Assembly-CSharp.csproj
	EndGlobalSection
EndGlobal
